
Microsoft Visual Studio Solution File, Format Version 12.00
Project("{FAE04EC0-301F-11D3-BF4B-00C04F79EFBC}") = "UnOfficial.Microsoft.Extensions.DependencyInjection.Decorator.Tests", "tests\UnOfficial.Microsoft.Extensions.DependencyInjection.Decorator.Tests\UnOfficial.Microsoft.Extensions.DependencyInjection.Decorator.Tests.csproj", "{F5A3BC64-F65E-41AE-B6CE-276E7581C50E}"
EndProject
Project("{FAE04EC0-301F-11D3-BF4B-00C04F79EFBC}") = "UnOfficial.Microsoft.Extensions.DependencyInjection.Decorator", "src\UnOfficial.Microsoft.Extensions.DependencyInjection.Decorator\UnOfficial.Microsoft.Extensions.DependencyInjection.Decorator.csproj", "{6EBDCC35-3326-4120-BD12-EC52738B50A7}"
EndProject
Project("{FAE04EC0-301F-11D3-BF4B-00C04F79EFBC}") = "Benchmarking", "Benchmarking\Benchmarking.csproj", "{1D8A18EF-D7E5-441D-A7DE-49FD976C62F1}"
EndProject
Global
	GlobalSection(SolutionConfigurationPlatforms) = preSolution
		Debug|Any CPU = Debug|Any CPU
		Release|Any CPU = Release|Any CPU
	EndGlobalSection
	GlobalSection(ProjectConfigurationPlatforms) = postSolution
		{F5A3BC64-F65E-41AE-B6CE-276E7581C50E}.Debug|Any CPU.ActiveCfg = Debug|Any CPU
		{F5A3BC64-F65E-41AE-B6CE-276E7581C50E}.Debug|Any CPU.Build.0 = Debug|Any CPU
		{F5A3BC64-F65E-41AE-B6CE-276E7581C50E}.Release|Any CPU.ActiveCfg = Release|Any CPU
		{F5A3BC64-F65E-41AE-B6CE-276E7581C50E}.Release|Any CPU.Build.0 = Release|Any CPU
		{6EBDCC35-3326-4120-BD12-EC52738B50A7}.Debug|Any CPU.ActiveCfg = Debug|Any CPU
		{6EBDCC35-3326-4120-BD12-EC52738B50A7}.Debug|Any CPU.Build.0 = Debug|Any CPU
		{6EBDCC35-3326-4120-BD12-EC52738B50A7}.Release|Any CPU.ActiveCfg = Release|Any CPU
		{6EBDCC35-3326-4120-BD12-EC52738B50A7}.Release|Any CPU.Build.0 = Release|Any CPU
		{1D8A18EF-D7E5-441D-A7DE-49FD976C62F1}.Debug|Any CPU.ActiveCfg = Debug|Any CPU
		{1D8A18EF-D7E5-441D-A7DE-49FD976C62F1}.Debug|Any CPU.Build.0 = Debug|Any CPU
		{1D8A18EF-D7E5-441D-A7DE-49FD976C62F1}.Release|Any CPU.ActiveCfg = Release|Any CPU
		{1D8A18EF-D7E5-441D-A7DE-49FD976C62F1}.Release|Any CPU.Build.0 = Release|Any CPU
	EndGlobalSection
EndGlobal
